
Microsoft Visual Studio Solution File, Format Version 12.00
# Visual Studio Version 16
VisualStudioVersion = 16.0.30621.155
MinimumVisualStudioVersion = 10.0.40219.1
Project("{9A19103F-16F7-4668-BE54-9A1E7A4F7556}") = "BlazorServerSample", "BlazorServerSample.csproj", "{7F96556C-282C-4AD3-8698-727638463E08}"
EndProject
Global
	GlobalSection(SolutionConfigurationPlatforms) = preSolution
		Debug|Any CPU = Debug|Any CPU
		Release|Any CPU = Release|Any CPU
	EndGlobalSection
	GlobalSection(ProjectConfigurationPlatforms) = postSolution
		{7F96556C-282C-4AD3-8698-727638463E08}.Debug|Any CPU.ActiveCfg = Debug|Any CPU
		{7F96556C-282C-4AD3-8698-727638463E08}.Debug|Any CPU.Build.0 = Debug|Any CPU
		{7F96556C-282C-4AD3-8698-727638463E08}.Release|Any CPU.ActiveCfg = Release|Any CPU
		{7F96556C-282C-4AD3-8698-727638463E08}.Release|Any CPU.Build.0 = Release|Any CPU
	EndGlobalSection
	GlobalSection(SolutionProperties) = preSolution
		HideSolutionNode = FALSE
	EndGlobalSection
	GlobalSection(ExtensibilityGlobals) = postSolution
		SolutionGuid = {C29DBA94-D06F-42F9-AADB-6F40ECA7C301}
	EndGlobalSection
EndGlobal
